
Microsoft Visual Studio Solution File, Format Version 12.00
# Visual Studio Version 16
VisualStudioVersion = 16.0.31025.194
MinimumVisualStudioVersion = 10.0.40219.1
Project("{FAE04EC0-301F-11D3-BF4B-00C04F79EFBC}") = "Zadanie_2", "Zadanie_2.csproj", "{0429F855-8591-4DD8-A8BD-6407237E7442}"
EndProject
Global
	GlobalSection(SolutionConfigurationPlatforms) = preSolution
		Debug|Any CPU = Debug|Any CPU
		Release|Any CPU = Release|Any CPU
	EndGlobalSection
	GlobalSection(ProjectConfigurationPlatforms) = postSolution
		{0429F855-8591-4DD8-A8BD-6407237E7442}.Debug|Any CPU.ActiveCfg = Debug|Any CPU
		{0429F855-8591-4DD8-A8BD-6407237E7442}.Debug|Any CPU.Build.0 = Debug|Any CPU
		{0429F855-8591-4DD8-A8BD-6407237E7442}.Release|Any CPU.ActiveCfg = Release|Any CPU
		{0429F855-8591-4DD8-A8BD-6407237E7442}.Release|Any CPU.Build.0 = Release|Any CPU
	EndGlobalSection
	GlobalSection(SolutionProperties) = preSolution
		HideSolutionNode = FALSE
	EndGlobalSection
	GlobalSection(ExtensibilityGlobals) = postSolution
		SolutionGuid = {304D8E4E-2FB8-4F2E-8876-45146C55C327}
	EndGlobalSection
EndGlobal
